
Microsoft Visual Studio Solution File, Format Version 12.00
# Visual Studio 15
VisualStudioVersion = 15.0.28307.271
MinimumVisualStudioVersion = 10.0.40219.1
Project("{FAE04EC0-301F-11D3-BF4B-00C04F79EFBC}") = "ExcelComparison", "ExcelComparison\ExcelComparison.csproj", "{EFC874E6-0546-4C88-A668-5D25D9934816}"
EndProject
Global
	GlobalSection(SolutionConfigurationPlatforms) = preSolution
		Debug|Any CPU = Debug|Any CPU
		Release|Any CPU = Release|Any CPU
	EndGlobalSection
	GlobalSection(ProjectConfigurationPlatforms) = postSolution
		{EFC874E6-0546-4C88-A668-5D25D9934816}.Debug|Any CPU.ActiveCfg = Debug|Any CPU
		{EFC874E6-0546-4C88-A668-5D25D9934816}.Debug|Any CPU.Build.0 = Debug|Any CPU
		{EFC874E6-0546-4C88-A668-5D25D9934816}.Release|Any CPU.ActiveCfg = Release|Any CPU
		{EFC874E6-0546-4C88-A668-5D25D9934816}.Release|Any CPU.Build.0 = Release|Any CPU
	EndGlobalSection
	GlobalSection(SolutionProperties) = preSolution
		HideSolutionNode = FALSE
	EndGlobalSection
	GlobalSection(ExtensibilityGlobals) = postSolution
		SolutionGuid = {8C6DCFBA-F5C4-48E3-993E-D8001A3AEB2C}
	EndGlobalSection
EndGlobal
