
Microsoft Visual Studio Solution File, Format Version 12.00
# Visual Studio 15
VisualStudioVersion = 15.0.28307.271
MinimumVisualStudioVersion = 10.0.40219.1
Project("{FAE04EC0-301F-11D3-BF4B-00C04F79EFBC}") = "CsharpPlinq", "CsharpPlinq\CsharpPlinq.csproj", "{351A6FB6-B081-4EEB-B553-3D2BEE4ED86A}"
EndProject
Global
	GlobalSection(SolutionConfigurationPlatforms) = preSolution
		Debug|Any CPU = Debug|Any CPU
		Release|Any CPU = Release|Any CPU
	EndGlobalSection
	GlobalSection(ProjectConfigurationPlatforms) = postSolution
		{351A6FB6-B081-4EEB-B553-3D2BEE4ED86A}.Debug|Any CPU.ActiveCfg = Debug|Any CPU
		{351A6FB6-B081-4EEB-B553-3D2BEE4ED86A}.Debug|Any CPU.Build.0 = Debug|Any CPU
		{351A6FB6-B081-4EEB-B553-3D2BEE4ED86A}.Release|Any CPU.ActiveCfg = Release|Any CPU
		{351A6FB6-B081-4EEB-B553-3D2BEE4ED86A}.Release|Any CPU.Build.0 = Release|Any CPU
	EndGlobalSection
	GlobalSection(SolutionProperties) = preSolution
		HideSolutionNode = FALSE
	EndGlobalSection
	GlobalSection(ExtensibilityGlobals) = postSolution
		SolutionGuid = {0E8115A5-2511-4445-B894-92561F61D673}
	EndGlobalSection
EndGlobal
