
Microsoft Visual Studio Solution File, Format Version 12.00
# Visual Studio 15
VisualStudioVersion = 15.0.28307.271
MinimumVisualStudioVersion = 10.0.40219.1
Project("{FAE04EC0-301F-11D3-BF4B-00C04F79EFBC}") = "triall", "triall\triall.csproj", "{FB124C62-D947-47F7-A613-8F055374AAF3}"
EndProject
Global
	GlobalSection(SolutionConfigurationPlatforms) = preSolution
		Debug|Any CPU = Debug|Any CPU
		Release|Any CPU = Release|Any CPU
	EndGlobalSection
	GlobalSection(ProjectConfigurationPlatforms) = postSolution
		{FB124C62-D947-47F7-A613-8F055374AAF3}.Debug|Any CPU.ActiveCfg = Debug|Any CPU
		{FB124C62-D947-47F7-A613-8F055374AAF3}.Debug|Any CPU.Build.0 = Debug|Any CPU
		{FB124C62-D947-47F7-A613-8F055374AAF3}.Release|Any CPU.ActiveCfg = Release|Any CPU
		{FB124C62-D947-47F7-A613-8F055374AAF3}.Release|Any CPU.Build.0 = Release|Any CPU
	EndGlobalSection
	GlobalSection(SolutionProperties) = preSolution
		HideSolutionNode = FALSE
	EndGlobalSection
	GlobalSection(ExtensibilityGlobals) = postSolution
		SolutionGuid = {C9A5975A-5770-4B3A-B3E4-DCDDC72A3ACE}
	EndGlobalSection
EndGlobal
