
Microsoft Visual Studio Solution File, Format Version 12.00
# Visual Studio 15
VisualStudioVersion = 15.0.28307.271
MinimumVisualStudioVersion = 10.0.40219.1
Project("{FAE04EC0-301F-11D3-BF4B-00C04F79EFBC}") = "300871455(Baten)_Test1", "300871455(Baten)_Test1\300871455(Baten)_Test1.csproj", "{FFCC12DD-7C9D-4FC6-902E-E8B24A7B0ED2}"
EndProject
Global
	GlobalSection(SolutionConfigurationPlatforms) = preSolution
		Debug|Any CPU = Debug|Any CPU
		Release|Any CPU = Release|Any CPU
	EndGlobalSection
	GlobalSection(ProjectConfigurationPlatforms) = postSolution
		{FFCC12DD-7C9D-4FC6-902E-E8B24A7B0ED2}.Debug|Any CPU.ActiveCfg = Debug|Any CPU
		{FFCC12DD-7C9D-4FC6-902E-E8B24A7B0ED2}.Debug|Any CPU.Build.0 = Debug|Any CPU
		{FFCC12DD-7C9D-4FC6-902E-E8B24A7B0ED2}.Release|Any CPU.ActiveCfg = Release|Any CPU
		{FFCC12DD-7C9D-4FC6-902E-E8B24A7B0ED2}.Release|Any CPU.Build.0 = Release|Any CPU
	EndGlobalSection
	GlobalSection(SolutionProperties) = preSolution
		HideSolutionNode = FALSE
	EndGlobalSection
	GlobalSection(ExtensibilityGlobals) = postSolution
		SolutionGuid = {67327C89-14B3-4B3A-889F-538AA691692E}
	EndGlobalSection
EndGlobal
